
Microsoft Visual Studio Solution File, Format Version 12.00
Project("{FAE04EC0-301F-11D3-BF4B-00C04F79EFBC}") = "WOT", "WOT\WOT.csproj", "{FE3E12DF-29A0-40DD-BD0D-26E4D94C3CAC}"
EndProject
Global
	GlobalSection(SolutionConfigurationPlatforms) = preSolution
		Debug|Any CPU = Debug|Any CPU
		Release|Any CPU = Release|Any CPU
	EndGlobalSection
	GlobalSection(ProjectConfigurationPlatforms) = postSolution
		{FE3E12DF-29A0-40DD-BD0D-26E4D94C3CAC}.Debug|Any CPU.ActiveCfg = Debug|Any CPU
		{FE3E12DF-29A0-40DD-BD0D-26E4D94C3CAC}.Debug|Any CPU.Build.0 = Debug|Any CPU
		{FE3E12DF-29A0-40DD-BD0D-26E4D94C3CAC}.Release|Any CPU.ActiveCfg = Release|Any CPU
		{FE3E12DF-29A0-40DD-BD0D-26E4D94C3CAC}.Release|Any CPU.Build.0 = Release|Any CPU
	EndGlobalSection
EndGlobal
