
Microsoft Visual Studio Solution File, Format Version 12.00
Project("{FAE04EC0-301F-11D3-BF4B-00C04F79EFBC}") = "Tank", "Tank\Tank.csproj", "{B8E34AF2-F81A-4A86-A9D6-D6836711CD39}"
EndProject
Global
	GlobalSection(SolutionConfigurationPlatforms) = preSolution
		Debug|Any CPU = Debug|Any CPU
		Release|Any CPU = Release|Any CPU
	EndGlobalSection
	GlobalSection(ProjectConfigurationPlatforms) = postSolution
		{B8E34AF2-F81A-4A86-A9D6-D6836711CD39}.Debug|Any CPU.ActiveCfg = Debug|Any CPU
		{B8E34AF2-F81A-4A86-A9D6-D6836711CD39}.Debug|Any CPU.Build.0 = Debug|Any CPU
		{B8E34AF2-F81A-4A86-A9D6-D6836711CD39}.Release|Any CPU.ActiveCfg = Release|Any CPU
		{B8E34AF2-F81A-4A86-A9D6-D6836711CD39}.Release|Any CPU.Build.0 = Release|Any CPU
	EndGlobalSection
EndGlobal
